
Microsoft Visual Studio Solution File, Format Version 12.00
# Visual Studio Version 16
VisualStudioVersion = 16.0.28822.285
MinimumVisualStudioVersion = 10.0.40219.1
Project("{9A19103F-16F7-4668-BE54-9A1E7A4F7556}") = "HRAssistant.Web", "HRAssistant.Web\HRAssistant.Web.csproj", "{25C67ACA-777B-4291-919B-631D3C6608FC}"
EndProject
Project("{FAE04EC0-301F-11D3-BF4B-00C04F79EFBC}") = "HRAssistant.Tests", "HRAssistant.Tests\HRAssistant.Tests.csproj", "{A6EC7631-672E-43FF-9209-20373257B483}"
EndProject
Project("{2150E333-8FDC-42A3-9474-1A3956D46DE8}") = "Solution Items", "Solution Items", "{8435B9A7-08B7-4778-B11C-AFD510E8E095}"
	ProjectSection(SolutionItems) = preProject
		NuGet.config = NuGet.config
	EndProjectSection
EndProject
Global
	GlobalSection(SolutionConfigurationPlatforms) = preSolution
		Debug|Any CPU = Debug|Any CPU
		Release|Any CPU = Release|Any CPU
	EndGlobalSection
	GlobalSection(ProjectConfigurationPlatforms) = postSolution
		{25C67ACA-777B-4291-919B-631D3C6608FC}.Debug|Any CPU.ActiveCfg = Debug|Any CPU
		{25C67ACA-777B-4291-919B-631D3C6608FC}.Debug|Any CPU.Build.0 = Debug|Any CPU
		{25C67ACA-777B-4291-919B-631D3C6608FC}.Release|Any CPU.ActiveCfg = Release|Any CPU
		{25C67ACA-777B-4291-919B-631D3C6608FC}.Release|Any CPU.Build.0 = Release|Any CPU
		{A6EC7631-672E-43FF-9209-20373257B483}.Debug|Any CPU.ActiveCfg = Debug|Any CPU
		{A6EC7631-672E-43FF-9209-20373257B483}.Debug|Any CPU.Build.0 = Debug|Any CPU
		{A6EC7631-672E-43FF-9209-20373257B483}.Release|Any CPU.ActiveCfg = Release|Any CPU
		{A6EC7631-672E-43FF-9209-20373257B483}.Release|Any CPU.Build.0 = Release|Any CPU
	EndGlobalSection
	GlobalSection(SolutionProperties) = preSolution
		HideSolutionNode = FALSE
	EndGlobalSection
	GlobalSection(ExtensibilityGlobals) = postSolution
		SolutionGuid = {76B711B5-E462-463C-80D2-C57EE8F43DFA}
	EndGlobalSection
EndGlobal
